
Microsoft Visual Studio Solution File, Format Version 12.00
# Visual Studio Version 17
VisualStudioVersion = 17.9.34728.123
MinimumVisualStudioVersion = 10.0.40219.1
Project("{FAE04EC0-301F-11D3-BF4B-00C04F79EFBC}") = "MailKit-Template-Mail", "MailKit-Template-Mail.csproj", "{2B9E34B2-9FAF-4F33-B44C-4414DA0C37AF}"
EndProject
Global
	GlobalSection(SolutionConfigurationPlatforms) = preSolution
		Debug|Any CPU = Debug|Any CPU
		Release|Any CPU = Release|Any CPU
	EndGlobalSection
	GlobalSection(ProjectConfigurationPlatforms) = postSolution
		{2B9E34B2-9FAF-4F33-B44C-4414DA0C37AF}.Debug|Any CPU.ActiveCfg = Debug|Any CPU
		{2B9E34B2-9FAF-4F33-B44C-4414DA0C37AF}.Debug|Any CPU.Build.0 = Debug|Any CPU
		{2B9E34B2-9FAF-4F33-B44C-4414DA0C37AF}.Release|Any CPU.ActiveCfg = Release|Any CPU
		{2B9E34B2-9FAF-4F33-B44C-4414DA0C37AF}.Release|Any CPU.Build.0 = Release|Any CPU
	EndGlobalSection
	GlobalSection(SolutionProperties) = preSolution
		HideSolutionNode = FALSE
	EndGlobalSection
	GlobalSection(ExtensibilityGlobals) = postSolution
		SolutionGuid = {7DA974A9-CA32-4045-BCF7-70C9E0C33A45}
	EndGlobalSection
EndGlobal
